
Microsoft Visual Studio Solution File, Format Version 12.00
# Visual Studio Version 16
VisualStudioVersion = 16.0.30907.101
MinimumVisualStudioVersion = 10.0.40219.1
Project("{FAE04EC0-301F-11D3-BF4B-00C04F79EFBC}") = "Starfield", "Starfield.csproj", "{BD052DD0-1694-4389-8DB4-C877195B04E3}"
EndProject
Project("{2150E333-8FDC-42A3-9474-1A3956D46DE8}") = "Solution Items", "Solution Items", "{A31F8CCE-57AB-4C15-80F7-9D42D152EF3B}"
	ProjectSection(SolutionItems) = preProject
		README.md = README.md
	EndProjectSection
EndProject
Global
	GlobalSection(SolutionConfigurationPlatforms) = preSolution
		Debug|Any CPU = Debug|Any CPU
		Release|Any CPU = Release|Any CPU
	EndGlobalSection
	GlobalSection(ProjectConfigurationPlatforms) = postSolution
		{BD052DD0-1694-4389-8DB4-C877195B04E3}.Debug|Any CPU.ActiveCfg = Debug|Any CPU
		{BD052DD0-1694-4389-8DB4-C877195B04E3}.Debug|Any CPU.Build.0 = Debug|Any CPU
		{BD052DD0-1694-4389-8DB4-C877195B04E3}.Release|Any CPU.ActiveCfg = Release|Any CPU
		{BD052DD0-1694-4389-8DB4-C877195B04E3}.Release|Any CPU.Build.0 = Release|Any CPU
	EndGlobalSection
	GlobalSection(SolutionProperties) = preSolution
		HideSolutionNode = FALSE
	EndGlobalSection
	GlobalSection(ExtensibilityGlobals) = postSolution
		SolutionGuid = {7C84A54E-FBBB-44A8-9E9D-574F603445C3}
	EndGlobalSection
EndGlobal
